
Microsoft Visual Studio Solution File, Format Version 12.00
# Visual Studio 15
VisualStudioVersion = 15.0.27703.2000
MinimumVisualStudioVersion = 10.0.40219.1
Project("{8BC9CEB8-8B4A-11D0-8D11-00A0C91BC942}") = "algorithm", "algorithm\algorithm.vcxproj", "{ECB73D9B-3284-48A7-8FFA-449C0E83DE3B}"
EndProject
Project("{8BC9CEB8-8B4A-11D0-8D11-00A0C91BC942}") = "gtest", "gtest\gtest.vcxproj", "{66690046-20A6-4705-87BC-3AF29B901C29}"
EndProject
Global
	GlobalSection(SolutionConfigurationPlatforms) = preSolution
		Debug|x64 = Debug|x64
		Debug|x86 = Debug|x86
		Release|x64 = Release|x64
		Release|x86 = Release|x86
	EndGlobalSection
	GlobalSection(ProjectConfigurationPlatforms) = postSolution
		{ECB73D9B-3284-48A7-8FFA-449C0E83DE3B}.Debug|x64.ActiveCfg = Debug|x64
		{ECB73D9B-3284-48A7-8FFA-449C0E83DE3B}.Debug|x64.Build.0 = Debug|x64
		{ECB73D9B-3284-48A7-8FFA-449C0E83DE3B}.Debug|x86.ActiveCfg = Debug|Win32
		{ECB73D9B-3284-48A7-8FFA-449C0E83DE3B}.Debug|x86.Build.0 = Debug|Win32
		{ECB73D9B-3284-48A7-8FFA-449C0E83DE3B}.Release|x64.ActiveCfg = Release|x64
		{ECB73D9B-3284-48A7-8FFA-449C0E83DE3B}.Release|x64.Build.0 = Release|x64
		{ECB73D9B-3284-48A7-8FFA-449C0E83DE3B}.Release|x86.ActiveCfg = Release|Win32
		{ECB73D9B-3284-48A7-8FFA-449C0E83DE3B}.Release|x86.Build.0 = Release|Win32
		{66690046-20A6-4705-87BC-3AF29B901C29}.Debug|x64.ActiveCfg = Debug|x64
		{66690046-20A6-4705-87BC-3AF29B901C29}.Debug|x64.Build.0 = Debug|x64
		{66690046-20A6-4705-87BC-3AF29B901C29}.Debug|x86.ActiveCfg = Debug|Win32
		{66690046-20A6-4705-87BC-3AF29B901C29}.Debug|x86.Build.0 = Debug|Win32
		{66690046-20A6-4705-87BC-3AF29B901C29}.Release|x64.ActiveCfg = Release|x64
		{66690046-20A6-4705-87BC-3AF29B901C29}.Release|x64.Build.0 = Release|x64
		{66690046-20A6-4705-87BC-3AF29B901C29}.Release|x86.ActiveCfg = Release|Win32
		{66690046-20A6-4705-87BC-3AF29B901C29}.Release|x86.Build.0 = Release|Win32
	EndGlobalSection
	GlobalSection(SolutionProperties) = preSolution
		HideSolutionNode = FALSE
	EndGlobalSection
	GlobalSection(ExtensibilityGlobals) = postSolution
		SolutionGuid = {30CBE22F-7E6C-482D-96BF-1A6E33B521C8}
	EndGlobalSection
EndGlobal
